<Solution>
  <Folder Name="/BuildingBlocks/">
    <Project Path="BuildingBlocks/BuildingBlocks.csproj" />
  </Folder>
  <Folder Name="/Services/" />
  <Folder Name="/Services/Basket/">
    <Project Path="Services/Basket/Basket.Api/Basket.Api.csproj" Id="8c53181d-f15a-4abc-b76e-9e3f0da332fa" />
  </Folder>
  <Folder Name="/Services/Catalog/">
    <Project Path="Services/Catalog.Api/Catalog.Api.csproj" />
  </Folder>
  <Folder Name="/Services/Discount/">
    <Project Path="Services/Discount/Discount.gRPC/Discount.gRPC.csproj" Id="829df260-99a9-456a-903e-6af5d72bef21" />
  </Folder>
  <Project Path="docker-compose.dcproj">
    <Build />
  </Project>
</Solution>
