<Solution>
  <Folder Name="/BuildingBlocks/">
    <Project Path="BuildingBlocks/BuildingBlocks.csproj" />
  </Folder>
  <Folder Name="/Services/">
    <Project Path="Services/Catalog.Api/Catalog.Api.csproj" />
  </Folder>
  <Project Path="docker-compose.dcproj">
    <Build />
  </Project>
</Solution>
